# This file was autogenerated by uv via the following command:
#    uv pip compile requirements-test.txt -o requirements-test.lock
aiodocker==0.26.0
    # via -r requirements.txt
aiofiles==25.1.0
    # via anthropic-bridge
aiohappyeyeballs==2.6.1
    # via aiohttp
aiohttp==3.13.3
    # via
    #   aiodocker
    #   modal
aiosignal==1.4.0
    # via aiohttp
aiosmtplib==5.1.0
    # via -r requirements.txt
aiosqlite==0.22.1
    # via -r requirements.txt
alembic==1.18.3
    # via -r requirements.txt
annotated-doc==0.0.4
    # via fastapi
annotated-types==0.7.0
    # via pydantic
anthropic-bridge==0.1.40
    # via -r requirements.txt
anyio==4.12.1
    # via
    #   claude-agent-sdk
    #   httpx
    #   mcp
    #   sse-starlette
    #   starlette
    #   watchfiles
argon2-cffi==23.1.0
    # via pwdlib
argon2-cffi-bindings==25.1.0
    # via argon2-cffi
asyncpg==0.31.0
    # via -r requirements.txt
attrs==25.4.0
    # via
    #   aiohttp
    #   e2b
    #   jsonschema
    #   referencing
bcrypt==4.1.2
    # via
    #   -r requirements.txt
    #   pwdlib
beautifulsoup4==4.14.3
    # via -r requirements-test.txt
boolean-py==5.0
    # via license-expression
cachecontrol==0.14.4
    # via pip-audit
cbor2==5.8.0
    # via modal
certifi==2026.1.4
    # via
    #   httpcore
    #   httpx
    #   modal
    #   requests
cffi==2.0.0
    # via
    #   argon2-cffi-bindings
    #   cryptography
charset-normalizer==3.4.4
    # via requests
claude-agent-sdk @ git+https://github.com/Mng-dev-ai/claude-code-sdk-python.git@77da402e766ce9cc855853710b2540227ec20940
    # via -r requirements.txt
click==8.3.1
    # via
    #   deptry
    #   granian
    #   modal
    #   typer
    #   uvicorn
coverage==7.13.4
    # via
    #   pytest-cov
    #   pytest-testmon
cryptography==46.0.4
    # via
    #   -r requirements.txt
    #   pyjwt
    #   python-jose
    #   types-pyopenssl
    #   types-redis
cyclonedx-python-lib==11.6.0
    # via pip-audit
defusedxml==0.7.1
    # via py-serializable
deprecated==1.3.1
    # via limits
deptry==0.24.0
    # via -r requirements-test.txt
dnspython==2.8.0
    # via email-validator
e2b==1.3.4rc1
    # via -r requirements.txt
ecdsa==0.19.1
    # via python-jose
email-validator==2.1.2
    # via
    #   -r requirements.txt
    #   fastapi-users
factory-boy==3.3.3
    # via -r requirements-test.txt
faker==40.4.0
    # via
    #   -r requirements-test.txt
    #   factory-boy
fastapi==0.128.6
    # via
    #   -r requirements.txt
    #   anthropic-bridge
    #   fastapi-users
fastapi-users==13.0.0
    # via
    #   -r requirements.txt
    #   fastapi-users-db-sqlalchemy
fastapi-users-db-sqlalchemy==7.0.0
    # via fastapi-users
filelock==3.20.3
    # via
    #   -r requirements-test.txt
    #   cachecontrol
frozenlist==1.8.0
    # via
    #   aiohttp
    #   aiosignal
granian==2.7.1
    # via -r requirements.txt
greenlet==3.3.1
    # via sqlalchemy
grpclib==0.4.9
    # via modal
h11==0.16.0
    # via
    #   httpcore
    #   uvicorn
h2==4.3.0
    # via grpclib
hpack==4.1.0
    # via h2
httpcore==1.0.9
    # via
    #   e2b
    #   httpx
httpx==0.28.1
    # via
    #   -r requirements.txt
    #   anthropic-bridge
    #   e2b
    #   mcp
httpx-sse==0.4.3
    # via mcp
hyperframe==6.1.0
    # via h2
idna==3.11
    # via
    #   anyio
    #   email-validator
    #   httpx
    #   requests
    #   yarl
iniconfig==2.3.0
    # via pytest
itsdangerous==2.2.0
    # via sqladmin
jinja2==3.1.6
    # via
    #   -r requirements.txt
    #   sqladmin
jsonschema==4.26.0
    # via mcp
jsonschema-specifications==2025.9.1
    # via jsonschema
librt==0.7.8
    # via mypy
license-expression==30.4.4
    # via cyclonedx-python-lib
limits==5.8.0
    # via slowapi
makefun==1.16.0
    # via fastapi-users
mako==1.3.10
    # via alembic
markdown-it-py==4.0.0
    # via rich
markupsafe==3.0.3
    # via
    #   -r requirements.txt
    #   jinja2
    #   mako
    #   wtforms
mcp==1.19.0
    # via
    #   -r requirements.txt
    #   claude-agent-sdk
mdurl==0.1.2
    # via markdown-it-py
modal==1.3.2
    # via -r requirements.txt
msgpack==1.1.2
    # via cachecontrol
multidict==6.7.1
    # via
    #   aiohttp
    #   grpclib
    #   yarl
mypy==1.19.1
    # via -r requirements-test.txt
mypy-extensions==1.1.0
    # via mypy
packageurl-python==0.17.6
    # via cyclonedx-python-lib
packaging==26.0
    # via
    #   deptry
    #   e2b
    #   limits
    #   pip-audit
    #   pip-requirements-parser
    #   pytest
    #   requirements-parser
pathspec==1.0.4
    # via mypy
pip==26.0.1
    # via pip-api
pip-api==0.0.34
    # via pip-audit
pip-audit==2.10.0
    # via -r requirements-test.txt
pip-requirements-parser==32.0.1
    # via pip-audit
platformdirs==4.5.1
    # via pip-audit
pluggy==1.6.0
    # via
    #   pytest
    #   pytest-cov
prometheus-client==0.24.1
    # via prometheus-fastapi-instrumentator
prometheus-fastapi-instrumentator==7.1.0
    # via -r requirements.txt
propcache==0.4.1
    # via
    #   aiohttp
    #   yarl
protobuf==5.29.6
    # via
    #   e2b
    #   modal
psycopg==3.3.2
    # via -r requirements.txt
psycopg-binary==3.3.2
    # via psycopg
pwdlib==0.2.0
    # via fastapi-users
py-serializable==2.1.0
    # via cyclonedx-python-lib
pyasn1==0.6.2
    # via
    #   python-jose
    #   rsa
pycparser==3.0
    # via cffi
pydantic==2.12.5
    # via
    #   -r requirements.txt
    #   fastapi
    #   mcp
    #   pydantic-settings
pydantic-core==2.41.5
    # via pydantic
pydantic-settings==2.12.0
    # via
    #   -r requirements.txt
    #   mcp
pygments==2.19.2
    # via
    #   pytest
    #   rich
pyjwt==2.8.0
    # via fastapi-users
pyparsing==3.3.2
    # via pip-requirements-parser
pytest==9.0.2
    # via
    #   -r requirements-test.txt
    #   pytest-asyncio
    #   pytest-cov
    #   pytest-recording
    #   pytest-testmon
    #   pytest-timeout
pytest-asyncio==1.3.0
    # via -r requirements-test.txt
pytest-cov==7.0.0
    # via -r requirements-test.txt
pytest-recording==0.13.4
    # via -r requirements-test.txt
pytest-testmon==2.2.0
    # via -r requirements-test.txt
pytest-timeout==2.4.0
    # via -r requirements-test.txt
python-dateutil==2.9.0.post0
    # via e2b
python-dotenv==1.2.1
    # via pydantic-settings
python-jose==3.5.0
    # via -r requirements.txt
python-json-logger==4.0.0
    # via -r requirements.txt
python-multipart==0.0.9
    # via
    #   -r requirements.txt
    #   fastapi-users
    #   mcp
    #   sqladmin
pyyaml==6.0.3
    # via
    #   -r requirements.txt
    #   vcrpy
redis==6.4.0
    # via -r requirements.txt
referencing==0.37.0
    # via
    #   jsonschema
    #   jsonschema-specifications
requests==2.32.5
    # via
    #   cachecontrol
    #   pip-audit
requirements-parser==0.13.0
    # via deptry
rich==14.3.2
    # via
    #   modal
    #   pip-audit
    #   typer
rpds-py==0.30.0
    # via
    #   jsonschema
    #   referencing
rsa==4.9.1
    # via python-jose
ruff==0.15.0
    # via -r requirements-test.txt
shellingham==1.5.4
    # via typer
six==1.17.0
    # via
    #   ecdsa
    #   python-dateutil
slowapi==0.1.9
    # via -r requirements.txt
sortedcontainers==2.4.0
    # via cyclonedx-python-lib
soupsieve==2.8.3
    # via beautifulsoup4
sqladmin==0.23.0
    # via -r requirements.txt
sqlalchemy==2.0.46
    # via
    #   -r requirements.txt
    #   alembic
    #   fastapi-users-db-sqlalchemy
    #   sqladmin
sse-starlette==3.2.0
    # via
    #   -r requirements.txt
    #   mcp
starlette==0.52.1
    # via
    #   -r requirements.txt
    #   fastapi
    #   mcp
    #   prometheus-fastapi-instrumentator
    #   sqladmin
    #   sse-starlette
synchronicity==0.11.1
    # via modal
tenacity==8.2.3
    # via -r requirements.txt
toml==0.10.2
    # via modal
tomli==2.4.0
    # via pip-audit
tomli-w==1.2.0
    # via pip-audit
typer==0.21.1
    # via modal
types-certifi==2021.10.8.3
    # via modal
types-cffi==1.17.0.20250915
    # via types-pyopenssl
types-pyopenssl==24.1.0.20240722
    # via types-redis
types-pyyaml==6.0.12.20250915
    # via -r requirements-test.txt
types-redis==4.6.0.20241004
    # via -r requirements-test.txt
types-setuptools==81.0.0.20260209
    # via types-cffi
types-toml==0.10.8.20240310
    # via modal
typing-extensions==4.15.0
    # via
    #   alembic
    #   beautifulsoup4
    #   e2b
    #   fastapi
    #   limits
    #   modal
    #   mypy
    #   pydantic
    #   pydantic-core
    #   sqlalchemy
    #   synchronicity
    #   typer
    #   typing-inspection
typing-inspection==0.4.2
    # via
    #   fastapi
    #   pydantic
    #   pydantic-settings
urllib3==2.6.3
    # via requests
uvicorn==0.40.0
    # via
    #   anthropic-bridge
    #   mcp
vcrpy==8.1.1
    # via
    #   -r requirements-test.txt
    #   pytest-recording
watchfiles==1.1.1
    # via modal
wrapt==2.1.1
    # via
    #   deprecated
    #   vcrpy
wtforms==3.1.2
    # via
    #   -r requirements.txt
    #   sqladmin
yarl==1.22.0
    # via aiohttp
